{
  "name": "tinybuildapp7977",
  "version": "0.0.0",
  "lockfileVersion": 2,
  "requires": true,
  "packages": {
    "": {
      "name": "tinybuildapp7977",
      "version": "0.0.0",
      "license": "AGPL-3.0-or-later",
      "dependencies": {
        "@dimforge/rapier3d-compat": "~0.12.0",
        "@types/babylonjs": "^2.4.1",
        "@types/keyboardjs": "~2.5.3",
        "babylonjs": "~6.42.0",
        "beattool": "^1.0.3",
        "graphscript": "^0.3.12",
        "keyboardjs": "~2.7.0",
        "recast-detour": "~1.6.3"
      }
    },
    "../../../AppData/Roaming/npm/node_modules/tinybuild": {
      "version": "0.3.192",
      "extraneous": true,
      "license": "AGPL-3.0-or-later",
      "dependencies": {
        "chokidar": "~3.5.3",
        "esbuild": "~0.14.49",
        "ws": "^8.5.0"
      },
      "bin": {
        "tinybuild": "tinybuild/bin/global.js"
      },
      "peerDependencies": {
        "typescript": "~4.6.4"
      }
    },
    "node_modules/@dimforge/rapier3d-compat": {
      "version": "0.12.0",
      "resolved": "https://registry.npmjs.org/@dimforge/rapier3d-compat/-/rapier3d-compat-0.12.0.tgz",
      "integrity": "sha512-uekIGetywIgopfD97oDL5PfeezkFpNhwlzlaEYNOA0N6ghdsOvh/HYjSMek5Q2O1PYvRSDFcqFVJl4r4ZBwOow=="
    },
    "node_modules/@types/babylonjs": {
      "version": "2.4.1",
      "resolved": "https://registry.npmjs.org/@types/babylonjs/-/babylonjs-2.4.1.tgz",
      "integrity": "sha512-vt6db2PxisxsnLvL5holHLV9vMJzELAhFq54syX/tKncTmjeraQSR1W20j9/KYLEpAFU18u76rK8utb8JlUrtQ==",
      "deprecated": "This is a stub types definition for BabylonJS (http://www.babylonjs.com/). BabylonJS provides its own type definitions, so you don't need @types/babylonjs installed!",
      "dependencies": {
        "babylonjs": "*"
      }
    },
    "node_modules/@types/emscripten": {
      "version": "1.39.6",
      "resolved": "https://registry.npmjs.org/@types/emscripten/-/emscripten-1.39.6.tgz",
      "integrity": "sha512-H90aoynNhhkQP6DRweEjJp5vfUVdIj7tdPLsu7pq89vODD/lcugKfZOsfgwpvM6XUewEp2N5dCg1Uf3Qe55Dcg=="
    },
    "node_modules/@types/keyboardjs": {
      "version": "2.5.3",
      "resolved": "https://registry.npmjs.org/@types/keyboardjs/-/keyboardjs-2.5.3.tgz",
      "integrity": "sha512-mYU/8h0CuZ+/25805vFqZk/2IxyTKoDlGF7BTLUQ6igewlBH6XoArgS2/kR5JKXrdA1hoF68aZoJ/rlaEMVQbg=="
    },
    "node_modules/babylonjs": {
      "version": "6.42.0",
      "resolved": "https://registry.npmjs.org/babylonjs/-/babylonjs-6.42.0.tgz",
      "integrity": "sha512-j+POh7KphmiASwPfgM+jRUt3e2TB5vncd9E6taKmORUKv1ktzdARxgQhdc0sOmAtT/AYNEsdT7WNl6UTKp0m/w==",
      "hasInstallScript": true
    },
    "node_modules/beattool": {
      "version": "1.0.3",
      "resolved": "https://registry.npmjs.org/beattool/-/beattool-1.0.3.tgz",
      "integrity": "sha512-phQ5r+ExBoxgnvbez7P25/z16E2t1DDM3jZI+9LYYTDNunOC/xgn5DLm8eXNNrx4fhovMHLsLtECEb5jCwbVhA=="
    },
    "node_modules/graphscript": {
      "version": "0.3.12",
      "resolved": "https://registry.npmjs.org/graphscript/-/graphscript-0.3.12.tgz",
      "integrity": "sha512-S8dl2VXnEYdUOcP2JNkOE1bdy0sBs62Pwc1+URiulMqrq4oOYVVGdrhknria5r7loseacEPSBpH23d03aw0xCw=="
    },
    "node_modules/keyboardjs": {
      "version": "2.7.0",
      "resolved": "https://registry.npmjs.org/keyboardjs/-/keyboardjs-2.7.0.tgz",
      "integrity": "sha512-3tiQuAoLM1M5Xyo/eQVaqsq9joByTRkB0Byga+0S7BYJvY4HIlfW0SofOj4a20YSAFjv0SIFU/lw+Qjp6KYHPA=="
    },
    "node_modules/recast-detour": {
      "version": "1.6.3",
      "resolved": "https://registry.npmjs.org/recast-detour/-/recast-detour-1.6.3.tgz",
      "integrity": "sha512-tACnKnGzkKMcBqet0Yay8ynFwUimdKLMwfkK1JzHqw8GoJ7GU2GXwFtlqpPUKUqGxFX4Jdo0M+jsN27WxPWHbQ==",
      "dependencies": {
        "@types/emscripten": "^1.39.6"
      }
    }
  },
  "dependencies": {
    "@dimforge/rapier3d-compat": {
      "version": "0.12.0",
      "resolved": "https://registry.npmjs.org/@dimforge/rapier3d-compat/-/rapier3d-compat-0.12.0.tgz",
      "integrity": "sha512-uekIGetywIgopfD97oDL5PfeezkFpNhwlzlaEYNOA0N6ghdsOvh/HYjSMek5Q2O1PYvRSDFcqFVJl4r4ZBwOow=="
    },
    "@types/babylonjs": {
      "version": "2.4.1",
      "resolved": "https://registry.npmjs.org/@types/babylonjs/-/babylonjs-2.4.1.tgz",
      "integrity": "sha512-vt6db2PxisxsnLvL5holHLV9vMJzELAhFq54syX/tKncTmjeraQSR1W20j9/KYLEpAFU18u76rK8utb8JlUrtQ==",
      "requires": {
        "babylonjs": "*"
      }
    },
    "@types/emscripten": {
      "version": "1.39.6",
      "resolved": "https://registry.npmjs.org/@types/emscripten/-/emscripten-1.39.6.tgz",
      "integrity": "sha512-H90aoynNhhkQP6DRweEjJp5vfUVdIj7tdPLsu7pq89vODD/lcugKfZOsfgwpvM6XUewEp2N5dCg1Uf3Qe55Dcg=="
    },
    "@types/keyboardjs": {
      "version": "2.5.3",
      "resolved": "https://registry.npmjs.org/@types/keyboardjs/-/keyboardjs-2.5.3.tgz",
      "integrity": "sha512-mYU/8h0CuZ+/25805vFqZk/2IxyTKoDlGF7BTLUQ6igewlBH6XoArgS2/kR5JKXrdA1hoF68aZoJ/rlaEMVQbg=="
    },
    "babylonjs": {
      "version": "6.42.0",
      "resolved": "https://registry.npmjs.org/babylonjs/-/babylonjs-6.42.0.tgz",
      "integrity": "sha512-j+POh7KphmiASwPfgM+jRUt3e2TB5vncd9E6taKmORUKv1ktzdARxgQhdc0sOmAtT/AYNEsdT7WNl6UTKp0m/w=="
    },
    "beattool": {
      "version": "1.0.3",
      "resolved": "https://registry.npmjs.org/beattool/-/beattool-1.0.3.tgz",
      "integrity": "sha512-phQ5r+ExBoxgnvbez7P25/z16E2t1DDM3jZI+9LYYTDNunOC/xgn5DLm8eXNNrx4fhovMHLsLtECEb5jCwbVhA=="
    },
    "graphscript": {
      "version": "0.3.12",
      "resolved": "https://registry.npmjs.org/graphscript/-/graphscript-0.3.12.tgz",
      "integrity": "sha512-S8dl2VXnEYdUOcP2JNkOE1bdy0sBs62Pwc1+URiulMqrq4oOYVVGdrhknria5r7loseacEPSBpH23d03aw0xCw=="
    },
    "keyboardjs": {
      "version": "2.7.0",
      "resolved": "https://registry.npmjs.org/keyboardjs/-/keyboardjs-2.7.0.tgz",
      "integrity": "sha512-3tiQuAoLM1M5Xyo/eQVaqsq9joByTRkB0Byga+0S7BYJvY4HIlfW0SofOj4a20YSAFjv0SIFU/lw+Qjp6KYHPA=="
    },
    "recast-detour": {
      "version": "1.6.3",
      "resolved": "https://registry.npmjs.org/recast-detour/-/recast-detour-1.6.3.tgz",
      "integrity": "sha512-tACnKnGzkKMcBqet0Yay8ynFwUimdKLMwfkK1JzHqw8GoJ7GU2GXwFtlqpPUKUqGxFX4Jdo0M+jsN27WxPWHbQ==",
      "requires": {
        "@types/emscripten": "^1.39.6"
      }
    }
  }
}
