{
  "name": "tinybuildapp7977",
  "version": "0.0.0",
  "lockfileVersion": 2,
  "requires": true,
  "packages": {
    "": {
      "name": "tinybuildapp7977",
      "version": "0.0.0",
      "license": "AGPL-3.0-or-later",
      "dependencies": {
        "@dimforge/rapier3d-compat": "~0.12.0",
        "@types/babylonjs": "^2.4.1",
        "@types/keyboardjs": "~2.5.3",
        "babylonjs": "~6.42.0",
        "graphscript": "^0.3.9",
        "keyboardjs": "~2.7.0",
        "recast-detour": "~1.6.3"
      }
    },
    "../../../AppData/Roaming/npm/node_modules/tinybuild": {
      "version": "0.3.192",
      "extraneous": true,
      "license": "AGPL-3.0-or-later",
      "dependencies": {
        "chokidar": "~3.5.3",
        "esbuild": "~0.14.49",
        "ws": "^8.5.0"
      },
      "bin": {
        "tinybuild": "tinybuild/bin/global.js"
      },
      "peerDependencies": {
        "typescript": "~4.6.4"
      }
    },
    "node_modules/@dimforge/rapier3d-compat": {
      "version": "0.12.0",
      "resolved": "https://registry.npmjs.org/@dimforge/rapier3d-compat/-/rapier3d-compat-0.12.0.tgz",
      "integrity": "sha512-uekIGetywIgopfD97oDL5PfeezkFpNhwlzlaEYNOA0N6ghdsOvh/HYjSMek5Q2O1PYvRSDFcqFVJl4r4ZBwOow=="
    },
    "node_modules/@types/babylonjs": {
      "version": "2.4.1",
      "resolved": "https://registry.npmjs.org/@types/babylonjs/-/babylonjs-2.4.1.tgz",
      "integrity": "sha512-vt6db2PxisxsnLvL5holHLV9vMJzELAhFq54syX/tKncTmjeraQSR1W20j9/KYLEpAFU18u76rK8utb8JlUrtQ==",
      "deprecated": "This is a stub types definition for BabylonJS (http://www.babylonjs.com/). BabylonJS provides its own type definitions, so you don't need @types/babylonjs installed!",
      "dependencies": {
        "babylonjs": "*"
      }
    },
    "node_modules/@types/emscripten": {
      "version": "1.39.6",
      "resolved": "https://registry.npmjs.org/@types/emscripten/-/emscripten-1.39.6.tgz",
      "integrity": "sha512-H90aoynNhhkQP6DRweEjJp5vfUVdIj7tdPLsu7pq89vODD/lcugKfZOsfgwpvM6XUewEp2N5dCg1Uf3Qe55Dcg=="
    },
    "node_modules/@types/keyboardjs": {
      "version": "2.5.3",
      "resolved": "https://registry.npmjs.org/@types/keyboardjs/-/keyboardjs-2.5.3.tgz",
      "integrity": "sha512-mYU/8h0CuZ+/25805vFqZk/2IxyTKoDlGF7BTLUQ6igewlBH6XoArgS2/kR5JKXrdA1hoF68aZoJ/rlaEMVQbg=="
    },
    "node_modules/babylonjs": {
      "version": "6.42.0",
      "resolved": "https://registry.npmjs.org/babylonjs/-/babylonjs-6.42.0.tgz",
      "integrity": "sha512-j+POh7KphmiASwPfgM+jRUt3e2TB5vncd9E6taKmORUKv1ktzdARxgQhdc0sOmAtT/AYNEsdT7WNl6UTKp0m/w==",
      "hasInstallScript": true
    },
    "node_modules/better-sse": {
      "version": "0.11.0",
      "resolved": "https://registry.npmjs.org/better-sse/-/better-sse-0.11.0.tgz",
      "integrity": "sha512-xY5Nmn9XyO5PiMw4//C+mNCUknaueugBqXMoMdEp2s9oNDVI4Vu6nhjduxA6yOxJVm/O6u3YC3FbLMHEvTzk3Q==",
      "engines": {
        "node": ">=12",
        "pnpm": ">=6"
      }
    },
    "node_modules/brainsatplay-math": {
      "version": "0.1.0",
      "resolved": "https://registry.npmjs.org/brainsatplay-math/-/brainsatplay-math-0.1.0.tgz",
      "integrity": "sha512-V95piSmlNtqf6vYXrhg/wu/IuTSQnM1jj5LXKHh68zVGYV9x2EEiR4TqcRMw3URbRHzME4DHkWNXJ1l2vwDhYg=="
    },
    "node_modules/graphscript": {
      "version": "0.3.9",
      "resolved": "https://registry.npmjs.org/graphscript/-/graphscript-0.3.9.tgz",
      "integrity": "sha512-/1Qdqde6PJanRRRuACk0ntqIjmje9t8e6FKxaoXmaGH3LxfuW43UHVM9u3Ng2VvA7OJOogXrJnzg0dYDhD9NGA==",
      "dependencies": {
        "better-sse": "~0.11.0",
        "brainsatplay-math": "~0.1.0",
        "web-worker": "~1.3.0",
        "ws": "~8.16.0"
      }
    },
    "node_modules/keyboardjs": {
      "version": "2.7.0",
      "resolved": "https://registry.npmjs.org/keyboardjs/-/keyboardjs-2.7.0.tgz",
      "integrity": "sha512-3tiQuAoLM1M5Xyo/eQVaqsq9joByTRkB0Byga+0S7BYJvY4HIlfW0SofOj4a20YSAFjv0SIFU/lw+Qjp6KYHPA=="
    },
    "node_modules/recast-detour": {
      "version": "1.6.3",
      "resolved": "https://registry.npmjs.org/recast-detour/-/recast-detour-1.6.3.tgz",
      "integrity": "sha512-tACnKnGzkKMcBqet0Yay8ynFwUimdKLMwfkK1JzHqw8GoJ7GU2GXwFtlqpPUKUqGxFX4Jdo0M+jsN27WxPWHbQ==",
      "dependencies": {
        "@types/emscripten": "^1.39.6"
      }
    },
    "node_modules/web-worker": {
      "version": "1.3.0",
      "resolved": "https://registry.npmjs.org/web-worker/-/web-worker-1.3.0.tgz",
      "integrity": "sha512-BSR9wyRsy/KOValMgd5kMyr3JzpdeoR9KVId8u5GVlTTAtNChlsE4yTxeY7zMdNSyOmoKBv8NH2qeRY9Tg+IaA=="
    },
    "node_modules/ws": {
      "version": "8.16.0",
      "resolved": "https://registry.npmjs.org/ws/-/ws-8.16.0.tgz",
      "integrity": "sha512-HS0c//TP7Ina87TfiPUz1rQzMhHrl/SG2guqRcTOIUYD2q8uhUdNHZYJUaQ8aTGPzCh+c6oawMKW35nFl1dxyQ==",
      "engines": {
        "node": ">=10.0.0"
      },
      "peerDependencies": {
        "bufferutil": "^4.0.1",
        "utf-8-validate": ">=5.0.2"
      },
      "peerDependenciesMeta": {
        "bufferutil": {
          "optional": true
        },
        "utf-8-validate": {
          "optional": true
        }
      }
    }
  },
  "dependencies": {
    "@dimforge/rapier3d-compat": {
      "version": "0.12.0",
      "resolved": "https://registry.npmjs.org/@dimforge/rapier3d-compat/-/rapier3d-compat-0.12.0.tgz",
      "integrity": "sha512-uekIGetywIgopfD97oDL5PfeezkFpNhwlzlaEYNOA0N6ghdsOvh/HYjSMek5Q2O1PYvRSDFcqFVJl4r4ZBwOow=="
    },
    "@types/babylonjs": {
      "version": "2.4.1",
      "resolved": "https://registry.npmjs.org/@types/babylonjs/-/babylonjs-2.4.1.tgz",
      "integrity": "sha512-vt6db2PxisxsnLvL5holHLV9vMJzELAhFq54syX/tKncTmjeraQSR1W20j9/KYLEpAFU18u76rK8utb8JlUrtQ==",
      "requires": {
        "babylonjs": "*"
      }
    },
    "@types/emscripten": {
      "version": "1.39.6",
      "resolved": "https://registry.npmjs.org/@types/emscripten/-/emscripten-1.39.6.tgz",
      "integrity": "sha512-H90aoynNhhkQP6DRweEjJp5vfUVdIj7tdPLsu7pq89vODD/lcugKfZOsfgwpvM6XUewEp2N5dCg1Uf3Qe55Dcg=="
    },
    "@types/keyboardjs": {
      "version": "2.5.3",
      "resolved": "https://registry.npmjs.org/@types/keyboardjs/-/keyboardjs-2.5.3.tgz",
      "integrity": "sha512-mYU/8h0CuZ+/25805vFqZk/2IxyTKoDlGF7BTLUQ6igewlBH6XoArgS2/kR5JKXrdA1hoF68aZoJ/rlaEMVQbg=="
    },
    "babylonjs": {
      "version": "6.42.0",
      "resolved": "https://registry.npmjs.org/babylonjs/-/babylonjs-6.42.0.tgz",
      "integrity": "sha512-j+POh7KphmiASwPfgM+jRUt3e2TB5vncd9E6taKmORUKv1ktzdARxgQhdc0sOmAtT/AYNEsdT7WNl6UTKp0m/w=="
    },
    "better-sse": {
      "version": "0.11.0",
      "resolved": "https://registry.npmjs.org/better-sse/-/better-sse-0.11.0.tgz",
      "integrity": "sha512-xY5Nmn9XyO5PiMw4//C+mNCUknaueugBqXMoMdEp2s9oNDVI4Vu6nhjduxA6yOxJVm/O6u3YC3FbLMHEvTzk3Q=="
    },
    "brainsatplay-math": {
      "version": "0.1.0",
      "resolved": "https://registry.npmjs.org/brainsatplay-math/-/brainsatplay-math-0.1.0.tgz",
      "integrity": "sha512-V95piSmlNtqf6vYXrhg/wu/IuTSQnM1jj5LXKHh68zVGYV9x2EEiR4TqcRMw3URbRHzME4DHkWNXJ1l2vwDhYg=="
    },
    "graphscript": {
      "version": "0.3.9",
      "resolved": "https://registry.npmjs.org/graphscript/-/graphscript-0.3.9.tgz",
      "integrity": "sha512-/1Qdqde6PJanRRRuACk0ntqIjmje9t8e6FKxaoXmaGH3LxfuW43UHVM9u3Ng2VvA7OJOogXrJnzg0dYDhD9NGA==",
      "requires": {
        "better-sse": "~0.11.0",
        "brainsatplay-math": "~0.1.0",
        "web-worker": "~1.3.0",
        "ws": "~8.16.0"
      }
    },
    "keyboardjs": {
      "version": "2.7.0",
      "resolved": "https://registry.npmjs.org/keyboardjs/-/keyboardjs-2.7.0.tgz",
      "integrity": "sha512-3tiQuAoLM1M5Xyo/eQVaqsq9joByTRkB0Byga+0S7BYJvY4HIlfW0SofOj4a20YSAFjv0SIFU/lw+Qjp6KYHPA=="
    },
    "recast-detour": {
      "version": "1.6.3",
      "resolved": "https://registry.npmjs.org/recast-detour/-/recast-detour-1.6.3.tgz",
      "integrity": "sha512-tACnKnGzkKMcBqet0Yay8ynFwUimdKLMwfkK1JzHqw8GoJ7GU2GXwFtlqpPUKUqGxFX4Jdo0M+jsN27WxPWHbQ==",
      "requires": {
        "@types/emscripten": "^1.39.6"
      }
    },
    "web-worker": {
      "version": "1.3.0",
      "resolved": "https://registry.npmjs.org/web-worker/-/web-worker-1.3.0.tgz",
      "integrity": "sha512-BSR9wyRsy/KOValMgd5kMyr3JzpdeoR9KVId8u5GVlTTAtNChlsE4yTxeY7zMdNSyOmoKBv8NH2qeRY9Tg+IaA=="
    },
    "ws": {
      "version": "8.16.0",
      "resolved": "https://registry.npmjs.org/ws/-/ws-8.16.0.tgz",
      "integrity": "sha512-HS0c//TP7Ina87TfiPUz1rQzMhHrl/SG2guqRcTOIUYD2q8uhUdNHZYJUaQ8aTGPzCh+c6oawMKW35nFl1dxyQ==",
      "requires": {}
    }
  }
}
